// !$*UTF8*$!
{
	archiveVersion = 1;
	classes = {
	};
	objectVersion = 50;
	objects = {

/* Begin PBXBuildFile section */
		7882C5AD236DE99500396D45 /* Stack.swift in Sources */ = {isa = PBXBuildFile; fileRef = 7882C5AC236DE99500396D45 /* Stack.swift */; };
		7882C5AF236DEB3500396D45 /* Extensions.swift in Sources */ = {isa = PBXBuildFile; fileRef = 7882C5AE236DEB3500396D45 /* Extensions.swift */; };
		FF37D423236883A300AAF564 /* AppDelegate.swift in Sources */ = {isa = PBXBuildFile; fileRef = FF37D422236883A300AAF564 /* AppDelegate.swift */; };
		FF37D425236883A300AAF564 /* ViewController.swift in Sources */ = {isa = PBXBuildFile; fileRef = FF37D424236883A300AAF564 /* ViewController.swift */; };
		FF37D428236883A300AAF564 /* Main.storyboard in Resources */ = {isa = PBXBuildFile; fileRef = FF37D426236883A300AAF564 /* Main.storyboard */; };
		FF37D42A236883AA00AAF564 /* Assets.xcassets in Resources */ = {isa = PBXBuildFile; fileRef = FF37D429236883AA00AAF564 /* Assets.xcassets */; };
		FF37D42D236883AA00AAF564 /* LaunchScreen.storyboard in Resources */ = {isa = PBXBuildFile; fileRef = FF37D42B236883AA00AAF564 /* LaunchScreen.storyboard */; };
		FF37D438236883AA00AAF564 /* Task1Tests.swift in Sources */ = {isa = PBXBuildFile; fileRef = FF37D437236883AA00AAF564 /* Task1Tests.swift */; };
		FF37D443236883AA00AAF564 /* Task1UITests.swift in Sources */ = {isa = PBXBuildFile; fileRef = FF37D442236883AA00AAF564 /* Task1UITests.swift */; };
/* End PBXBuildFile section */

/* Begin PBXContainerItemProxy section */
		FF37D434236883AA00AAF564 /* PBXContainerItemProxy */ = {
			isa = PBXContainerItemProxy;
			containerPortal = FF37D417236883A300AAF564 /* Project object */;
			proxyType = 1;
			remoteGlobalIDString = FF37D41E236883A300AAF564;
			remoteInfo = Task1;
		};
		FF37D43F236883AA00AAF564 /* PBXContainerItemProxy */ = {
			isa = PBXContainerItemProxy;
			containerPortal = FF37D417236883A300AAF564 /* Project object */;
			proxyType = 1;
			remoteGlobalIDString = FF37D41E236883A300AAF564;
			remoteInfo = Task1;
		};
/* End PBXContainerItemProxy section */

/* Begin PBXFileReference section */
		7882C5AC236DE99500396D45 /* Stack.swift */ = {isa = PBXFileReference; lastKnownFileType = sourcecode.swift; path = Stack.swift; sourceTree = "<group>"; };
		7882C5AE236DEB3500396D45 /* Extensions.swift */ = {isa = PBXFileReference; lastKnownFileType = sourcecode.swift; path = Extensions.swift; sourceTree = "<group>"; };
		FF37D41F236883A300AAF564 /* Task1.app */ = {isa = PBXFileReference; explicitFileType = wrapper.application; includeInIndex = 0; path = Task1.app; sourceTree = BUILT_PRODUCTS_DIR; };
		FF37D422236883A300AAF564 /* AppDelegate.swift */ = {isa = PBXFileReference; lastKnownFileType = sourcecode.swift; path = AppDelegate.swift; sourceTree = "<group>"; };
		FF37D424236883A300AAF564 /* ViewController.swift */ = {isa = PBXFileReference; lastKnownFileType = sourcecode.swift; path = ViewController.swift; sourceTree = "<group>"; };
		FF37D427236883A300AAF564 /* Base */ = {isa = PBXFileReference; lastKnownFileType = file.storyboard; name = Base; path = Base.lproj/Main.storyboard; sourceTree = "<group>"; };
		FF37D429236883AA00AAF564 /* Assets.xcassets */ = {isa = PBXFileReference; lastKnownFileType = folder.assetcatalog; path = Assets.xcassets; sourceTree = "<group>"; };
		FF37D42C236883AA00AAF564 /* Base */ = {isa = PBXFileReference; lastKnownFileType = file.storyboard; name = Base; path = Base.lproj/LaunchScreen.storyboard; sourceTree = "<group>"; };
		FF37D42E236883AA00AAF564 /* Info.plist */ = {isa = PBXFileReference; lastKnownFileType = text.plist.xml; path = Info.plist; sourceTree = "<group>"; };
		FF37D433236883AA00AAF564 /* Task1Tests.xctest */ = {isa = PBXFileReference; explicitFileType = wrapper.cfbundle; includeInIndex = 0; path = Task1Tests.xctest; sourceTree = BUILT_PRODUCTS_DIR; };
		FF37D437236883AA00AAF564 /* Task1Tests.swift */ = {isa = PBXFileReference; lastKnownFileType = sourcecode.swift; path = Task1Tests.swift; sourceTree = "<group>"; };
		FF37D439236883AA00AAF564 /* Info.plist */ = {isa = PBXFileReference; lastKnownFileType = text.plist.xml; path = Info.plist; sourceTree = "<group>"; };
		FF37D43E236883AA00AAF564 /* Task1UITests.xctest */ = {isa = PBXFileReference; explicitFileType = wrapper.cfbundle; includeInIndex = 0; path = Task1UITests.xctest; sourceTree = BUILT_PRODUCTS_DIR; };
		FF37D442236883AA00AAF564 /* Task1UITests.swift */ = {isa = PBXFileReference; lastKnownFileType = sourcecode.swift; path = Task1UITests.swift; sourceTree = "<group>"; };
		FF37D444236883AA00AAF564 /* Info.plist */ = {isa = PBXFileReference; lastKnownFileType = text.plist.xml; path = Info.plist; sourceTree = "<group>"; };
/* End PBXFileReference section */

/* Begin PBXFrameworksBuildPhase section */
		FF37D41C236883A300AAF564 /* Frameworks */ = {
			isa = PBXFrameworksBuildPhase;
			buildActionMask = 2147483647;
			files = (
			);
			runOnlyForDeploymentPostprocessing = 0;
		};
		FF37D430236883AA00AAF564 /* Frameworks */ = {
			isa = PBXFrameworksBuildPhase;
			buildActionMask = 2147483647;
			files = (
			);
			runOnlyForDeploymentPostprocessing = 0;
		};
		FF37D43B236883AA00AAF564 /* Frameworks */ = {
			isa = PBXFrameworksBuildPhase;
			buildActionMask = 2147483647;
			files = (
			);
			runOnlyForDeploymentPostprocessing = 0;
		};
/* End PBXFrameworksBuildPhase section */

/* Begin PBXGroup section */
		7882C5AB236DE8C500396D45 /* Project */ = {
			isa = PBXGroup;
			children = (
				FF37D422236883A300AAF564 /* AppDelegate.swift */,
				FF37D42B236883AA00AAF564 /* LaunchScreen.storyboard */,
				FF37D42E236883AA00AAF564 /* Info.plist */,
			);
			path = Project;
			sourceTree = "<group>";
		};
		FF37D416236883A300AAF564 = {
			isa = PBXGroup;
			children = (
				FF37D421236883A300AAF564 /* Task1 */,
				7882C5AB236DE8C500396D45 /* Project */,
				FF37D429236883AA00AAF564 /* Assets.xcassets */,
				FF37D436236883AA00AAF564 /* Task1Tests */,
				FF37D441236883AA00AAF564 /* Task1UITests */,
				FF37D420236883A300AAF564 /* Products */,
			);
			sourceTree = "<group>";
		};
		FF37D420236883A300AAF564 /* Products */ = {
			isa = PBXGroup;
			children = (
				FF37D41F236883A300AAF564 /* Task1.app */,
				FF37D433236883AA00AAF564 /* Task1Tests.xctest */,
				FF37D43E236883AA00AAF564 /* Task1UITests.xctest */,
			);
			name = Products;
			sourceTree = "<group>";
		};
		FF37D421236883A300AAF564 /* Task1 */ = {
			isa = PBXGroup;
			children = (
				FF37D426236883A300AAF564 /* Main.storyboard */,
				FF37D424236883A300AAF564 /* ViewController.swift */,
				7882C5AC236DE99500396D45 /* Stack.swift */,
				7882C5AE236DEB3500396D45 /* Extensions.swift */,
			);
			path = Task1;
			sourceTree = "<group>";
		};
		FF37D436236883AA00AAF564 /* Task1Tests */ = {
			isa = PBXGroup;
			children = (
				FF37D437236883AA00AAF564 /* Task1Tests.swift */,
				FF37D439236883AA00AAF564 /* Info.plist */,
			);
			path = Task1Tests;
			sourceTree = "<group>";
		};
		FF37D441236883AA00AAF564 /* Task1UITests */ = {
			isa = PBXGroup;
			children = (
				FF37D442236883AA00AAF564 /* Task1UITests.swift */,
				FF37D444236883AA00AAF564 /* Info.plist */,
			);
			path = Task1UITests;
			sourceTree = "<group>";
		};
/* End PBXGroup section */

/* Begin PBXNativeTarget section */
		FF37D41E236883A300AAF564 /* Task1 */ = {
			isa = PBXNativeTarget;
			buildConfigurationList = FF37D447236883AA00AAF564 /* Build configuration list for PBXNativeTarget "Task1" */;
			buildPhases = (
				FF37D41B236883A300AAF564 /* Sources */,
				FF37D41C236883A300AAF564 /* Frameworks */,
				FF37D41D236883A300AAF564 /* Resources */,
			);
			buildRules = (
			);
			dependencies = (
			);
			name = Task1;
			productName = Task1;
			productReference = FF37D41F236883A300AAF564 /* Task1.app */;
			productType = "com.apple.product-type.application";
		};
		FF37D432236883AA00AAF564 /* Task1Tests */ = {
			isa = PBXNativeTarget;
			buildConfigurationList = FF37D44A236883AA00AAF564 /* Build configuration list for PBXNativeTarget "Task1Tests" */;
			buildPhases = (
				FF37D42F236883AA00AAF564 /* Sources */,
				FF37D430236883AA00AAF564 /* Frameworks */,
				FF37D431236883AA00AAF564 /* Resources */,
			);
			buildRules = (
			);
			dependencies = (
				FF37D435236883AA00AAF564 /* PBXTargetDependency */,
			);
			name = Task1Tests;
			productName = Task1Tests;
			productReference = FF37D433236883AA00AAF564 /* Task1Tests.xctest */;
			productType = "com.apple.product-type.bundle.unit-test";
		};
		FF37D43D236883AA00AAF564 /* Task1UITests */ = {
			isa = PBXNativeTarget;
			buildConfigurationList = FF37D44D236883AA00AAF564 /* Build configuration list for PBXNativeTarget "Task1UITests" */;
			buildPhases = (
				FF37D43A236883AA00AAF564 /* Sources */,
				FF37D43B236883AA00AAF564 /* Frameworks */,
				FF37D43C236883AA00AAF564 /* Resources */,
			);
			buildRules = (
			);
			dependencies = (
				FF37D440236883AA00AAF564 /* PBXTargetDependency */,
			);
			name = Task1UITests;
			productName = Task1UITests;
			productReference = FF37D43E236883AA00AAF564 /* Task1UITests.xctest */;
			productType = "com.apple.product-type.bundle.ui-testing";
		};
/* End PBXNativeTarget section */

/* Begin PBXProject section */
		FF37D417236883A300AAF564 /* Project object */ = {
			isa = PBXProject;
			attributes = {
				LastSwiftUpdateCheck = 1030;
				LastUpgradeCheck = 1030;
				ORGANIZATIONNAME = Bruyi;
				TargetAttributes = {
					FF37D41E236883A300AAF564 = {
						CreatedOnToolsVersion = 10.3;
					};
					FF37D432236883AA00AAF564 = {
						CreatedOnToolsVersion = 10.3;
						TestTargetID = FF37D41E236883A300AAF564;
					};
					FF37D43D236883AA00AAF564 = {
						CreatedOnToolsVersion = 10.3;
						TestTargetID = FF37D41E236883A300AAF564;
					};
				};
			};
			buildConfigurationList = FF37D41A236883A300AAF564 /* Build configuration list for PBXProject "Task1" */;
			compatibilityVersion = "Xcode 9.3";
			developmentRegion = en;
			hasScannedForEncodings = 0;
			knownRegions = (
				en,
				Base,
			);
			mainGroup = FF37D416236883A300AAF564;
			productRefGroup = FF37D420236883A300AAF564 /* Products */;
			projectDirPath = "";
			projectRoot = "";
			targets = (
				FF37D41E236883A300AAF564 /* Task1 */,
				FF37D432236883AA00AAF564 /* Task1Tests */,
				FF37D43D236883AA00AAF564 /* Task1UITests */,
			);
		};
/* End PBXProject section */

/* Begin PBXResourcesBuildPhase section */
		FF37D41D236883A300AAF564 /* Resources */ = {
			isa = PBXResourcesBuildPhase;
			buildActionMask = 2147483647;
			files = (
				FF37D42D236883AA00AAF564 /* LaunchScreen.storyboard in Resources */,
				FF37D42A236883AA00AAF564 /* Assets.xcassets in Resources */,
				FF37D428236883A300AAF564 /* Main.storyboard in Resources */,
			);
			runOnlyForDeploymentPostprocessing = 0;
		};
		FF37D431236883AA00AAF564 /* Resources */ = {
			isa = PBXResourcesBuildPhase;
			buildActionMask = 2147483647;
			files = (
			);
			runOnlyForDeploymentPostprocessing = 0;
		};
		FF37D43C236883AA00AAF564 /* Resources */ = {
			isa = PBXResourcesBuildPhase;
			buildActionMask = 2147483647;
			files = (
			);
			runOnlyForDeploymentPostprocessing = 0;
		};
/* End PBXResourcesBuildPhase section */

/* Begin PBXSourcesBuildPhase section */
		FF37D41B236883A300AAF564 /* Sources */ = {
			isa = PBXSourcesBuildPhase;
			buildActionMask = 2147483647;
			files = (
				FF37D425236883A300AAF564 /* ViewController.swift in Sources */,
				7882C5AD236DE99500396D45 /* Stack.swift in Sources */,
				FF37D423236883A300AAF564 /* AppDelegate.swift in Sources */,
				7882C5AF236DEB3500396D45 /* Extensions.swift in Sources */,
			);
			runOnlyForDeploymentPostprocessing = 0;
		};
		FF37D42F236883AA00AAF564 /* Sources */ = {
			isa = PBXSourcesBuildPhase;
			buildActionMask = 2147483647;
			files = (
				FF37D438236883AA00AAF564 /* Task1Tests.swift in Sources */,
			);
			runOnlyForDeploymentPostprocessing = 0;
		};
		FF37D43A236883AA00AAF564 /* Sources */ = {
			isa = PBXSourcesBuildPhase;
			buildActionMask = 2147483647;
			files = (
				FF37D443236883AA00AAF564 /* Task1UITests.swift in Sources */,
			);
			runOnlyForDeploymentPostprocessing = 0;
		};
/* End PBXSourcesBuildPhase section */

/* Begin PBXTargetDependency section */
		FF37D435236883AA00AAF564 /* PBXTargetDependency */ = {
			isa = PBXTargetDependency;
			target = FF37D41E236883A300AAF564 /* Task1 */;
			targetProxy = FF37D434236883AA00AAF564 /* PBXContainerItemProxy */;
		};
		FF37D440236883AA00AAF564 /* PBXTargetDependency */ = {
			isa = PBXTargetDependency;
			target = FF37D41E236883A300AAF564 /* Task1 */;
			targetProxy = FF37D43F236883AA00AAF564 /* PBXContainerItemProxy */;
		};
/* End PBXTargetDependency section */

/* Begin PBXVariantGroup section */
		FF37D426236883A300AAF564 /* Main.storyboard */ = {
			isa = PBXVariantGroup;
			children = (
				FF37D427236883A300AAF564 /* Base */,
			);
			name = Main.storyboard;
			sourceTree = "<group>";
		};
		FF37D42B236883AA00AAF564 /* LaunchScreen.storyboard */ = {
			isa = PBXVariantGroup;
			children = (
				FF37D42C236883AA00AAF564 /* Base */,
			);
			name = LaunchScreen.storyboard;
			sourceTree = "<group>";
		};
/* End PBXVariantGroup section */

/* Begin XCBuildConfiguration section */
		FF37D445236883AA00AAF564 /* Debug */ = {
			isa = XCBuildConfiguration;
			buildSettings = {
				ALWAYS_SEARCH_USER_PATHS = NO;
				CLANG_ANALYZER_NONNULL = YES;
				CLANG_ANALYZER_NUMBER_OBJECT_CONVERSION = YES_AGGRESSIVE;
				CLANG_CXX_LANGUAGE_STANDARD = "gnu++14";
				CLANG_CXX_LIBRARY = "libc++";
				CLANG_ENABLE_MODULES = YES;
				CLANG_ENABLE_OBJC_ARC = YES;
				CLANG_ENABLE_OBJC_WEAK = YES;
				CLANG_WARN_BLOCK_CAPTURE_AUTORELEASING = YES;
				CLANG_WARN_BOOL_CONVERSION = YES;
				CLANG_WARN_COMMA = YES;
				CLANG_WARN_CONSTANT_CONVERSION = YES;
				CLANG_WARN_DEPRECATED_OBJC_IMPLEMENTATIONS = YES;
				CLANG_WARN_DIRECT_OBJC_ISA_USAGE = YES_ERROR;
				CLANG_WARN_DOCUMENTATION_COMMENTS = YES;
				CLANG_WARN_EMPTY_BODY = YES;
				CLANG_WARN_ENUM_CONVERSION = YES;
				CLANG_WARN_INFINITE_RECURSION = YES;
				CLANG_WARN_INT_CONVERSION = YES;
				CLANG_WARN_NON_LITERAL_NULL_CONVERSION = YES;
				CLANG_WARN_OBJC_IMPLICIT_RETAIN_SELF = YES;
				CLANG_WARN_OBJC_LITERAL_CONVERSION = YES;
				CLANG_WARN_OBJC_ROOT_CLASS = YES_ERROR;
				CLANG_WARN_RANGE_LOOP_ANALYSIS = YES;
				CLANG_WARN_STRICT_PROTOTYPES = YES;
				CLANG_WARN_SUSPICIOUS_MOVE = YES;
				CLANG_WARN_UNGUARDED_AVAILABILITY = YES_AGGRESSIVE;
				CLANG_WARN_UNREACHABLE_CODE = YES;
				CLANG_WARN__DUPLICATE_METHOD_MATCH = YES;
				CODE_SIGN_IDENTITY = "iPhone Developer";
				COPY_PHASE_STRIP = NO;
				DEBUG_INFORMATION_FORMAT = dwarf;
				ENABLE_STRICT_OBJC_MSGSEND = YES;
				ENABLE_TESTABILITY = YES;
				GCC_C_LANGUAGE_STANDARD = gnu11;
				GCC_DYNAMIC_NO_PIC = NO;
				GCC_NO_COMMON_BLOCKS = YES;
				GCC_OPTIMIZATION_LEVEL = 0;
				GCC_PREPROCESSOR_DEFINITIONS = (
					"DEBUG=1",
					"$(inherited)",
				);
				GCC_WARN_64_TO_32_BIT_CONVERSION = YES;
				GCC_WARN_ABOUT_RETURN_TYPE = YES_ERROR;
				GCC_WARN_UNDECLARED_SELECTOR = YES;
				GCC_WARN_UNINITIALIZED_AUTOS = YES_AGGRESSIVE;
				GCC_WARN_UNUSED_FUNCTION = YES;
				GCC_WARN_UNUSED_VARIABLE = YES;
				IPHONEOS_DEPLOYMENT_TARGET = 12.4;
				MTL_ENABLE_DEBUG_INFO = INCLUDE_SOURCE;
				MTL_FAST_MATH = YES;
				ONLY_ACTIVE_ARCH = YES;
				SDKROOT = iphoneos;
				SWIFT_ACTIVE_COMPILATION_CONDITIONS = DEBUG;
				SWIFT_OPTIMIZATION_LEVEL = "-Onone";
			};
			name = Debug;
		};
		FF37D446236883AA00AAF564 /* Release */ = {
			isa = XCBuildConfiguration;
			buildSettings = {
				ALWAYS_SEARCH_USER_PATHS = NO;
				CLANG_ANALYZER_NONNULL = YES;
				CLANG_ANALYZER_NUMBER_OBJECT_CONVERSION = YES_AGGRESSIVE;
				CLANG_CXX_LANGUAGE_STANDARD = "gnu++14";
				CLANG_CXX_LIBRARY = "libc++";
				CLANG_ENABLE_MODULES = YES;
				CLANG_ENABLE_OBJC_ARC = YES;
				CLANG_ENABLE_OBJC_WEAK = YES;
				CLANG_WARN_BLOCK_CAPTURE_AUTORELEASING = YES;
				CLANG_WARN_BOOL_CONVERSION = YES;
				CLANG_WARN_COMMA = YES;
				CLANG_WARN_CONSTANT_CONVERSION = YES;
				CLANG_WARN_DEPRECATED_OBJC_IMPLEMENTATIONS = YES;
				CLANG_WARN_DIRECT_OBJC_ISA_USAGE = YES_ERROR;
				CLANG_WARN_DOCUMENTATION_COMMENTS = YES;
				CLANG_WARN_EMPTY_BODY = YES;
				CLANG_WARN_ENUM_CONVERSION = YES;
				CLANG_WARN_INFINITE_RECURSION = YES;
				CLANG_WARN_INT_CONVERSION = YES;
				CLANG_WARN_NON_LITERAL_NULL_CONVERSION = YES;
				CLANG_WARN_OBJC_IMPLICIT_RETAIN_SELF = YES;
				CLANG_WARN_OBJC_LITERAL_CONVERSION = YES;
				CLANG_WARN_OBJC_ROOT_CLASS = YES_ERROR;
				CLANG_WARN_RANGE_LOOP_ANALYSIS = YES;
				CLANG_WARN_STRICT_PROTOTYPES = YES;
				CLANG_WARN_SUSPICIOUS_MOVE = YES;
				CLANG_WARN_UNGUARDED_AVAILABILITY = YES_AGGRESSIVE;
				CLANG_WARN_UNREACHABLE_CODE = YES;
				CLANG_WARN__DUPLICATE_METHOD_MATCH = YES;
				CODE_SIGN_IDENTITY = "iPhone Developer";
				COPY_PHASE_STRIP = NO;
				DEBUG_INFORMATION_FORMAT = "dwarf-with-dsym";
				ENABLE_NS_ASSERTIONS = NO;
				ENABLE_STRICT_OBJC_MSGSEND = YES;
				GCC_C_LANGUAGE_STANDARD = gnu11;
				GCC_NO_COMMON_BLOCKS = YES;
				GCC_WARN_64_TO_32_BIT_CONVERSION = YES;
				GCC_WARN_ABOUT_RETURN_TYPE = YES_ERROR;
				GCC_WARN_UNDECLARED_SELECTOR = YES;
				GCC_WARN_UNINITIALIZED_AUTOS = YES_AGGRESSIVE;
				GCC_WARN_UNUSED_FUNCTION = YES;
				GCC_WARN_UNUSED_VARIABLE = YES;
				IPHONEOS_DEPLOYMENT_TARGET = 12.4;
				MTL_ENABLE_DEBUG_INFO = NO;
				MTL_FAST_MATH = YES;
				SDKROOT = iphoneos;
				SWIFT_COMPILATION_MODE = wholemodule;
				SWIFT_OPTIMIZATION_LEVEL = "-O";
				VALIDATE_PRODUCT = YES;
			};
			name = Release;
		};
		FF37D448236883AA00AAF564 /* Debug */ = {
			isa = XCBuildConfiguration;
			buildSettings = {
				ASSETCATALOG_COMPILER_APPICON_NAME = AppIcon;
				CODE_SIGN_STYLE = Automatic;
				DEVELOPMENT_TEAM = HGBKWU27FW;
				INFOPLIST_FILE = "$(SRCROOT)/Project/Info.plist";
				LD_RUNPATH_SEARCH_PATHS = (
					"$(inherited)",
					"@executable_path/Frameworks",
				);
				PRODUCT_BUNDLE_IDENTIFIER = Sber.Task1;
				PRODUCT_NAME = "$(TARGET_NAME)";
				SWIFT_VERSION = 5.0;
				TARGETED_DEVICE_FAMILY = 1;
			};
			name = Debug;
		};
		FF37D449236883AA00AAF564 /* Release */ = {
			isa = XCBuildConfiguration;
			buildSettings = {
				ASSETCATALOG_COMPILER_APPICON_NAME = AppIcon;
				CODE_SIGN_STYLE = Automatic;
				DEVELOPMENT_TEAM = HGBKWU27FW;
				INFOPLIST_FILE = "$(SRCROOT)/Project/Info.plist";
				LD_RUNPATH_SEARCH_PATHS = (
					"$(inherited)",
					"@executable_path/Frameworks",
				);
				PRODUCT_BUNDLE_IDENTIFIER = Sber.Task1;
				PRODUCT_NAME = "$(TARGET_NAME)";
				SWIFT_VERSION = 5.0;
				TARGETED_DEVICE_FAMILY = 1;
			};
			name = Release;
		};
		FF37D44B236883AA00AAF564 /* Debug */ = {
			isa = XCBuildConfiguration;
			buildSettings = {
				ALWAYS_EMBED_SWIFT_STANDARD_LIBRARIES = YES;
				BUNDLE_LOADER = "$(TEST_HOST)";
				CODE_SIGN_STYLE = Automatic;
				INFOPLIST_FILE = Task1Tests/Info.plist;
				LD_RUNPATH_SEARCH_PATHS = (
					"$(inherited)",
					"@executable_path/Frameworks",
					"@loader_path/Frameworks",
				);
				PRODUCT_BUNDLE_IDENTIFIER = Sber.Task1Tests;
				PRODUCT_NAME = "$(TARGET_NAME)";
				SWIFT_VERSION = 5.0;
				TARGETED_DEVICE_FAMILY = "1,2";
				TEST_HOST = "$(BUILT_PRODUCTS_DIR)/Task1.app/Task1";
			};
			name = Debug;
		};
		FF37D44C236883AA00AAF564 /* Release */ = {
			isa = XCBuildConfiguration;
			buildSettings = {
				ALWAYS_EMBED_SWIFT_STANDARD_LIBRARIES = YES;
				BUNDLE_LOADER = "$(TEST_HOST)";
				CODE_SIGN_STYLE = Automatic;
				INFOPLIST_FILE = Task1Tests/Info.plist;
				LD_RUNPATH_SEARCH_PATHS = (
					"$(inherited)",
					"@executable_path/Frameworks",
					"@loader_path/Frameworks",
				);
				PRODUCT_BUNDLE_IDENTIFIER = Sber.Task1Tests;
				PRODUCT_NAME = "$(TARGET_NAME)";
				SWIFT_VERSION = 5.0;
				TARGETED_DEVICE_FAMILY = "1,2";
				TEST_HOST = "$(BUILT_PRODUCTS_DIR)/Task1.app/Task1";
			};
			name = Release;
		};
		FF37D44E236883AA00AAF564 /* Debug */ = {
			isa = XCBuildConfiguration;
			buildSettings = {
				ALWAYS_EMBED_SWIFT_STANDARD_LIBRARIES = YES;
				CODE_SIGN_STYLE = Automatic;
				INFOPLIST_FILE = Task1UITests/Info.plist;
				LD_RUNPATH_SEARCH_PATHS = (
					"$(inherited)",
					"@executable_path/Frameworks",
					"@loader_path/Frameworks",
				);
				PRODUCT_BUNDLE_IDENTIFIER = Sber.Task1UITests;
				PRODUCT_NAME = "$(TARGET_NAME)";
				SWIFT_VERSION = 5.0;
				TARGETED_DEVICE_FAMILY = "1,2";
				TEST_TARGET_NAME = Task1;
			};
			name = Debug;
		};
		FF37D44F236883AA00AAF564 /* Release */ = {
			isa = XCBuildConfiguration;
			buildSettings = {
				ALWAYS_EMBED_SWIFT_STANDARD_LIBRARIES = YES;
				CODE_SIGN_STYLE = Automatic;
				INFOPLIST_FILE = Task1UITests/Info.plist;
				LD_RUNPATH_SEARCH_PATHS = (
					"$(inherited)",
					"@executable_path/Frameworks",
					"@loader_path/Frameworks",
				);
				PRODUCT_BUNDLE_IDENTIFIER = Sber.Task1UITests;
				PRODUCT_NAME = "$(TARGET_NAME)";
				SWIFT_VERSION = 5.0;
				TARGETED_DEVICE_FAMILY = "1,2";
				TEST_TARGET_NAME = Task1;
			};
			name = Release;
		};
/* End XCBuildConfiguration section */

/* Begin XCConfigurationList section */
		FF37D41A236883A300AAF564 /* Build configuration list for PBXProject "Task1" */ = {
			isa = XCConfigurationList;
			buildConfigurations = (
				FF37D445236883AA00AAF564 /* Debug */,
				FF37D446236883AA00AAF564 /* Release */,
			);
			defaultConfigurationIsVisible = 0;
			defaultConfigurationName = Release;
		};
		FF37D447236883AA00AAF564 /* Build configuration list for PBXNativeTarget "Task1" */ = {
			isa = XCConfigurationList;
			buildConfigurations = (
				FF37D448236883AA00AAF564 /* Debug */,
				FF37D449236883AA00AAF564 /* Release */,
			);
			defaultConfigurationIsVisible = 0;
			defaultConfigurationName = Release;
		};
		FF37D44A236883AA00AAF564 /* Build configuration list for PBXNativeTarget "Task1Tests" */ = {
			isa = XCConfigurationList;
			buildConfigurations = (
				FF37D44B236883AA00AAF564 /* Debug */,
				FF37D44C236883AA00AAF564 /* Release */,
			);
			defaultConfigurationIsVisible = 0;
			defaultConfigurationName = Release;
		};
		FF37D44D236883AA00AAF564 /* Build configuration list for PBXNativeTarget "Task1UITests" */ = {
			isa = XCConfigurationList;
			buildConfigurations = (
				FF37D44E236883AA00AAF564 /* Debug */,
				FF37D44F236883AA00AAF564 /* Release */,
			);
			defaultConfigurationIsVisible = 0;
			defaultConfigurationName = Release;
		};
/* End XCConfigurationList section */
	};
	rootObject = FF37D417236883A300AAF564 /* Project object */;
}
